
Microsoft Visual Studio Solution File, Format Version 12.00
# Visual Studio 15
VisualStudioVersion = 15.0.28010.2026
MinimumVisualStudioVersion = 10.0.40219.1
Project("{9A19103F-16F7-4668-BE54-9A1E7A4F7556}") = "FizzBuzz", "FizzBuzz\FizzBuzz.csproj", "{5361E56B-CBE4-40B9-B7C4-32D188391A08}"
EndProject
Project("{9A19103F-16F7-4668-BE54-9A1E7A4F7556}") = "Tests", "Tests\Tests.csproj", "{8E3FEAB6-2B26-4C1C-9F15-AFC58F3FDDFD}"
EndProject
Global
	GlobalSection(SolutionConfigurationPlatforms) = preSolution
		Debug|Any CPU = Debug|Any CPU
		Release|Any CPU = Release|Any CPU
	EndGlobalSection
	GlobalSection(ProjectConfigurationPlatforms) = postSolution
		{5361E56B-CBE4-40B9-B7C4-32D188391A08}.Debug|Any CPU.ActiveCfg = Debug|Any CPU
		{5361E56B-CBE4-40B9-B7C4-32D188391A08}.Debug|Any CPU.Build.0 = Debug|Any CPU
		{5361E56B-CBE4-40B9-B7C4-32D188391A08}.Release|Any CPU.ActiveCfg = Release|Any CPU
		{5361E56B-CBE4-40B9-B7C4-32D188391A08}.Release|Any CPU.Build.0 = Release|Any CPU
		{8E3FEAB6-2B26-4C1C-9F15-AFC58F3FDDFD}.Debug|Any CPU.ActiveCfg = Debug|Any CPU
		{8E3FEAB6-2B26-4C1C-9F15-AFC58F3FDDFD}.Debug|Any CPU.Build.0 = Debug|Any CPU
		{8E3FEAB6-2B26-4C1C-9F15-AFC58F3FDDFD}.Release|Any CPU.ActiveCfg = Release|Any CPU
		{8E3FEAB6-2B26-4C1C-9F15-AFC58F3FDDFD}.Release|Any CPU.Build.0 = Release|Any CPU
	EndGlobalSection
	GlobalSection(SolutionProperties) = preSolution
		HideSolutionNode = FALSE
	EndGlobalSection
	GlobalSection(ExtensibilityGlobals) = postSolution
		SolutionGuid = {08491E07-EA73-46A7-8106-6000702052F1}
	EndGlobalSection
EndGlobal
